git.darknebu.la/GalaxySimulator/db-actions v0.0.0-20190320194624-e0d84348f5fa h1:Q7u+FQvtpT2cIe8GYXXNEfl38UVl4tt7fUOaw8PjMcI=
git.darknebu.la/GalaxySimulator/db-actions v0.0.0-20190320194624-e0d84348f5fa/go.mod h1:D5fanr1NuL8GqX+Eslmpf0+l9dMNZVabmEoysbDlKW0=
git.darknebu.la/GalaxySimulator/structs v0.0.0-20190205205735-9dd56b9448e5 h1:aEQHEERwdLfRJrXb867wZzRMs1ym+j0zDys3opLWPew=
git.darknebu.la/GalaxySimulator/structs v0.0.0-20190205205735-9dd56b9448e5/go.mod h1:LSDIBBC7IcWERm4wlDAroMpsUP7zJ1yDZFlQnP/UIsQ=
github.com/lib/pq v1.0.0 h1:X5PMW56eZitiTeO7tKzZxFCSpbFZJtkMMooicw2us9A=
github.com/lib/pq v1.0.0/go.mod h1:5WUZQaWbwv1U+lTReE5YruASi9Al49XbQIvNi/34Woo=
